<?xml version="1.0" encoding="utf-8"?>
<Project ToolsVersion="4.0" xmlns="http://schemas.microsoft.com/developer/msbuild/2003">
  <ItemGroup>
    <Filter Include="Source Files">
      <UniqueIdentifier>{4FC737F1-C7A5-4376-A066-2A32D752A2FF}</UniqueIdentifier>
      <Extensions>cpp;c;cc;cxx;c++;cppm;ixx;def;odl;idl;hpj;bat;asm;asmx</Extensions>
    </Filter>
    <Filter Include="Header Files">
      <UniqueIdentifier>{93995380-89BD-4b04-88EB-625FBE52EBFB}</UniqueIdentifier>
      <Extensions>h;hh;hpp;hxx;h++;hm;inl;inc;ipp;xsd</Extensions>
    </Filter>
    <Filter Include="Resource Files">
      <UniqueIdentifier>{67DA6AB6-F800-4c08-8B7A-83BB121AAD01}</UniqueIdentifier>
      <Extensions>rc;ico;cur;bmp;dlg;rc2;rct;bin;rgs;gif;jpg;jpeg;jpe;resx;tiff;tif;png;wav;mfcribbon-ms</Extensions>
    </Filter>
    <Filter Include="Source Files\Managers">
      <UniqueIdentifier>{22dedf5a-e26d-4d19-ab87-1be2488a70b7}</UniqueIdentifier>
    </Filter>
    <Filter Include="Header Files\Managers">
      <UniqueIdentifier>{29a5e146-bbcd-4f6f-bd33-371b624959d8}</UniqueIdentifier>
    </Filter>
    <Filter Include="Resource Files\resources">
      <UniqueIdentifier>{7cd13fd5-02e9-44e5-baf1-14852f9bc077}</UniqueIdentifier>
    </Filter>
    <Filter Include="Resource Files\resources\levels">
      <UniqueIdentifier>{18273de9-3449-4c25-bc81-aba80be5f0b3}</UniqueIdentifier>
    </Filter>
    <Filter Include="Resource Files\shaders">
      <UniqueIdentifier>{d862ab6f-3cce-4e1f-b81e-e910ada8b6ac}</UniqueIdentifier>
    </Filter>
  </ItemGroup>
  <ItemGroup>
    <ClCompile Include="src\glad.c">
      <Filter>Source Files</Filter>
    </ClCompile>
    <ClCompile Include="src\Managers\resource_manager.cpp">
      <Filter>Source Files\Managers</Filter>
    </ClCompile>
    <ClCompile Include="src\shader.cpp">
      <Filter>Source Files</Filter>
    </ClCompile>
    <ClCompile Include="src\game.cpp">
      <Filter>Source Files</Filter>
    </ClCompile>
    <ClCompile Include="src\texture.cpp">
      <Filter>Source Files</Filter>
    </ClCompile>
    <ClCompile Include="src\program.cpp">
      <Filter>Source Files</Filter>
    </ClCompile>
    <ClCompile Include="src\sprite_renderer.cpp">
      <Filter>Source Files</Filter>
    </ClCompile>
    <ClCompile Include="src\game_object.cpp">
      <Filter>Source Files</Filter>
    </ClCompile>
    <ClCompile Include="src\game_level.cpp">
      <Filter>Source Files</Filter>
    </ClCompile>
    <ClCompile Include="src\ballObject.cpp">
      <Filter>Source Files</Filter>
    </ClCompile>
    <ClCompile Include="src\particle_generator.cpp">
      <Filter>Source Files</Filter>
    </ClCompile>
    <ClCompile Include="src\post_processor.cpp">
      <Filter>Source Files</Filter>
    </ClCompile>
  </ItemGroup>
  <ItemGroup>
    <ClInclude Include="src\stb_image.h">
      <Filter>Header Files</Filter>
    </ClInclude>
    <ClInclude Include="src\Managers\resource_manager.h">
      <Filter>Header Files\Managers</Filter>
    </ClInclude>
    <ClInclude Include="src\shader.h">
      <Filter>Header Files</Filter>
    </ClInclude>
    <ClInclude Include="src\game.h">
      <Filter>Header Files</Filter>
    </ClInclude>
    <ClInclude Include="src\texture.h">
      <Filter>Header Files</Filter>
    </ClInclude>
    <ClInclude Include="src\sprite_renderer.h">
      <Filter>Header Files</Filter>
    </ClInclude>
    <ClInclude Include="src\game_object.h">
      <Filter>Header Files</Filter>
    </ClInclude>
    <ClInclude Include="src\game_level.h">
      <Filter>Header Files</Filter>
    </ClInclude>
    <ClInclude Include="src\ballObject.h">
      <Filter>Header Files</Filter>
    </ClInclude>
    <ClInclude Include="src\particle_generator.h">
      <Filter>Header Files</Filter>
    </ClInclude>
    <ClInclude Include="src\power_up.h">
      <Filter>Header Files</Filter>
    </ClInclude>
    <ClInclude Include="src\post_processor.h">
      <Filter>Header Files</Filter>
    </ClInclude>
    <ClInclude Include="Dependencies\include\irrKlang\irrKlang.h">
      <Filter>Header Files</Filter>
    </ClInclude>
  </ItemGroup>
  <ItemGroup>
    <None Include="src\shaders\sprite.fs">
      <Filter>Resource Files\shaders</Filter>
    </None>
    <None Include="src\shaders\sprite.vs">
      <Filter>Resource Files\shaders</Filter>
    </None>
    <None Include="src\resources\levels\four.lvl">
      <Filter>Resource Files\resources\levels</Filter>
    </None>
    <None Include="src\resources\levels\one.lvl">
      <Filter>Resource Files\resources\levels</Filter>
    </None>
    <None Include="src\resources\levels\three.lvl">
      <Filter>Resource Files\resources\levels</Filter>
    </None>
    <None Include="src\resources\levels\two.lvl">
      <Filter>Resource Files\resources\levels</Filter>
    </None>
    <None Include="src\shaders\particle.vs">
      <Filter>Resource Files\shaders</Filter>
    </None>
    <None Include="src\shaders\particle.fs">
      <Filter>Resource Files\shaders</Filter>
    </None>
    <None Include="src\shaders\post_processing.vs">
      <Filter>Resource Files\shaders</Filter>
    </None>
    <None Include="src\shaders\post_processing.fs">
      <Filter>Resource Files\shaders</Filter>
    </None>
  </ItemGroup>
</Project>